// !$*UTF8*$!
{
	archiveVersion = 1;
	classes = {
	};
	objectVersion = 50;
	objects = {

/* Begin PBXBuildFile section */
		8AA47D3939FAB918EB77662B /* Pods_MoviesNow.framework in Frameworks */ = {isa = PBXBuildFile; fileRef = 0B4068AE642FBBA53A41425B /* Pods_MoviesNow.framework */; };
		B02957BB22260C63001ADB23 /* Movie.swift in Sources */ = {isa = PBXBuildFile; fileRef = B02957BA22260C63001ADB23 /* Movie.swift */; };
		B02957BD22260C7F001ADB23 /* MovieResults.swift in Sources */ = {isa = PBXBuildFile; fileRef = B02957BC22260C7F001ADB23 /* MovieResults.swift */; };
		B039B76F220A605600C91991 /* TMBDClient.swift in Sources */ = {isa = PBXBuildFile; fileRef = B039B76E220A605600C91991 /* TMBDClient.swift */; };
		B039B772220A63BD00C91991 /* RequestTokenResponse.swift in Sources */ = {isa = PBXBuildFile; fileRef = B039B771220A63BD00C91991 /* RequestTokenResponse.swift */; };
		B039B774220A713300C91991 /* CustomTextField.swift in Sources */ = {isa = PBXBuildFile; fileRef = B039B773220A713300C91991 /* CustomTextField.swift */; };
		B039B777220A77A000C91991 /* LoginRequest.swift in Sources */ = {isa = PBXBuildFile; fileRef = B039B776220A77A000C91991 /* LoginRequest.swift */; };
		B039B779220A7E1F00C91991 /* PostSession.swift in Sources */ = {isa = PBXBuildFile; fileRef = B039B778220A7E1F00C91991 /* PostSession.swift */; };
		B039B77B220A7E6B00C91991 /* SessionResponse.swift in Sources */ = {isa = PBXBuildFile; fileRef = B039B77A220A7E6B00C91991 /* SessionResponse.swift */; };
		B03F3B72220A2348008B6D7C /* AppDelegate.swift in Sources */ = {isa = PBXBuildFile; fileRef = B03F3B71220A2348008B6D7C /* AppDelegate.swift */; };
		B03F3B74220A2348008B6D7C /* LoginViewController.swift in Sources */ = {isa = PBXBuildFile; fileRef = B03F3B73220A2348008B6D7C /* LoginViewController.swift */; };
		B03F3B77220A2348008B6D7C /* Main.storyboard in Resources */ = {isa = PBXBuildFile; fileRef = B03F3B75220A2348008B6D7C /* Main.storyboard */; };
		B03F3B79220A234A008B6D7C /* Assets.xcassets in Resources */ = {isa = PBXBuildFile; fileRef = B03F3B78220A234A008B6D7C /* Assets.xcassets */; };
		B03F3B7C220A234A008B6D7C /* LaunchScreen.storyboard in Resources */ = {isa = PBXBuildFile; fileRef = B03F3B7A220A234A008B6D7C /* LaunchScreen.storyboard */; };
		B0461851222612C800CA947C /* SearchViewController.swift in Sources */ = {isa = PBXBuildFile; fileRef = B0461850222612C800CA947C /* SearchViewController.swift */; };
		B04E40952265535300A7AE5D /* MarkWatchlist.swift in Sources */ = {isa = PBXBuildFile; fileRef = B04E40942265535300A7AE5D /* MarkWatchlist.swift */; };
		B04E409822655EA600A7AE5D /* MovieModel.swift in Sources */ = {isa = PBXBuildFile; fileRef = B04E409722655EA600A7AE5D /* MovieModel.swift */; };
		B05B585B220F8FD1001ABD08 /* MoviesNowPlayingRequest.swift in Sources */ = {isa = PBXBuildFile; fileRef = B05B585A220F8FD1001ABD08 /* MoviesNowPlayingRequest.swift */; };
		B05B585D220F9484001ABD08 /* NowPlayingViewController.swift in Sources */ = {isa = PBXBuildFile; fileRef = B05B585C220F9484001ABD08 /* NowPlayingViewController.swift */; };
		B06E33D42214D99E00E64228 /* MoviesNowPlayingCellCollectionViewCell.swift in Sources */ = {isa = PBXBuildFile; fileRef = B06E33D32214D99E00E64228 /* MoviesNowPlayingCellCollectionViewCell.swift */; };
		B078F1E5220CE10D005EFD71 /* AccountDetailsRequest.swift in Sources */ = {isa = PBXBuildFile; fileRef = B078F1E4220CE10D005EFD71 /* AccountDetailsRequest.swift */; };
		B078F1E7220CEABA005EFD71 /* AccountViewController.swift in Sources */ = {isa = PBXBuildFile; fileRef = B078F1E6220CEABA005EFD71 /* AccountViewController.swift */; };
		B078F1E9220CF755005EFD71 /* LogoutRequest.swift in Sources */ = {isa = PBXBuildFile; fileRef = B078F1E8220CF755005EFD71 /* LogoutRequest.swift */; };
		B0883FD92263F30B00253F37 /* SeatCollectionViewController.swift in Sources */ = {isa = PBXBuildFile; fileRef = B0883FD82263F30B00253F37 /* SeatCollectionViewController.swift */; };
		B0883FDB2263FAA900253F37 /* SeatCell.swift in Sources */ = {isa = PBXBuildFile; fileRef = B0883FDA2263FAA900253F37 /* SeatCell.swift */; };
		B0883FDD2264033F00253F37 /* MovieScreenHeader.swift in Sources */ = {isa = PBXBuildFile; fileRef = B0883FDC2264033F00253F37 /* MovieScreenHeader.swift */; };
		B0A7523B22529ECF001B611E /* MovieDetailViewController.swift in Sources */ = {isa = PBXBuildFile; fileRef = B0A7523A22529ECF001B611E /* MovieDetailViewController.swift */; };
		B0A7AF9422288F2A004A47CF /* MovieSingleton.swift in Sources */ = {isa = PBXBuildFile; fileRef = B0A7AF9322288F2A004A47CF /* MovieSingleton.swift */; };
		B0BCC811220BB85900EC8DAC /* KeyboardNotifications.swift in Sources */ = {isa = PBXBuildFile; fileRef = B0BCC810220BB85900EC8DAC /* KeyboardNotifications.swift */; };
		B0C42C72225AD23F00843B39 /* TMDBResponse.swift in Sources */ = {isa = PBXBuildFile; fileRef = B0C42C71225AD23F00843B39 /* TMDBResponse.swift */; };
/* End PBXBuildFile section */

/* Begin PBXFileReference section */
		0B4068AE642FBBA53A41425B /* Pods_MoviesNow.framework */ = {isa = PBXFileReference; explicitFileType = wrapper.framework; includeInIndex = 0; path = Pods_MoviesNow.framework; sourceTree = BUILT_PRODUCTS_DIR; };
		233969D7E6EDE48DB4178E75 /* Pods-MoviesNow.release.xcconfig */ = {isa = PBXFileReference; includeInIndex = 1; lastKnownFileType = text.xcconfig; name = "Pods-MoviesNow.release.xcconfig"; path = "Pods/Target Support Files/Pods-MoviesNow/Pods-MoviesNow.release.xcconfig"; sourceTree = "<group>"; };
		B02957BA22260C63001ADB23 /* Movie.swift */ = {isa = PBXFileReference; lastKnownFileType = sourcecode.swift; path = Movie.swift; sourceTree = "<group>"; };
		B02957BC22260C7F001ADB23 /* MovieResults.swift */ = {isa = PBXFileReference; lastKnownFileType = sourcecode.swift; path = MovieResults.swift; sourceTree = "<group>"; };
		B039B76E220A605600C91991 /* TMBDClient.swift */ = {isa = PBXFileReference; lastKnownFileType = sourcecode.swift; path = TMBDClient.swift; sourceTree = "<group>"; };
		B039B771220A63BD00C91991 /* RequestTokenResponse.swift */ = {isa = PBXFileReference; lastKnownFileType = sourcecode.swift; path = RequestTokenResponse.swift; sourceTree = "<group>"; };
		B039B773220A713300C91991 /* CustomTextField.swift */ = {isa = PBXFileReference; lastKnownFileType = sourcecode.swift; path = CustomTextField.swift; sourceTree = "<group>"; };
		B039B776220A77A000C91991 /* LoginRequest.swift */ = {isa = PBXFileReference; lastKnownFileType = sourcecode.swift; path = LoginRequest.swift; sourceTree = "<group>"; };
		B039B778220A7E1F00C91991 /* PostSession.swift */ = {isa = PBXFileReference; lastKnownFileType = sourcecode.swift; path = PostSession.swift; sourceTree = "<group>"; };
		B039B77A220A7E6B00C91991 /* SessionResponse.swift */ = {isa = PBXFileReference; lastKnownFileType = sourcecode.swift; path = SessionResponse.swift; sourceTree = "<group>"; };
		B03F3B6E220A2348008B6D7C /* MoviesNow.app */ = {isa = PBXFileReference; explicitFileType = wrapper.application; includeInIndex = 0; path = MoviesNow.app; sourceTree = BUILT_PRODUCTS_DIR; };
		B03F3B71220A2348008B6D7C /* AppDelegate.swift */ = {isa = PBXFileReference; lastKnownFileType = sourcecode.swift; path = AppDelegate.swift; sourceTree = "<group>"; };
		B03F3B73220A2348008B6D7C /* LoginViewController.swift */ = {isa = PBXFileReference; lastKnownFileType = sourcecode.swift; path = LoginViewController.swift; sourceTree = "<group>"; };
		B03F3B76220A2348008B6D7C /* Base */ = {isa = PBXFileReference; lastKnownFileType = file.storyboard; name = Base; path = Base.lproj/Main.storyboard; sourceTree = "<group>"; };
		B03F3B78220A234A008B6D7C /* Assets.xcassets */ = {isa = PBXFileReference; lastKnownFileType = folder.assetcatalog; path = Assets.xcassets; sourceTree = "<group>"; };
		B03F3B7B220A234A008B6D7C /* Base */ = {isa = PBXFileReference; lastKnownFileType = file.storyboard; name = Base; path = Base.lproj/LaunchScreen.storyboard; sourceTree = "<group>"; };
		B03F3B7D220A234A008B6D7C /* Info.plist */ = {isa = PBXFileReference; lastKnownFileType = text.plist.xml; path = Info.plist; sourceTree = "<group>"; };
		B0461850222612C800CA947C /* SearchViewController.swift */ = {isa = PBXFileReference; lastKnownFileType = sourcecode.swift; path = SearchViewController.swift; sourceTree = "<group>"; };
		B04E40942265535300A7AE5D /* MarkWatchlist.swift */ = {isa = PBXFileReference; lastKnownFileType = sourcecode.swift; path = MarkWatchlist.swift; sourceTree = "<group>"; };
		B04E409722655EA600A7AE5D /* MovieModel.swift */ = {isa = PBXFileReference; lastKnownFileType = sourcecode.swift; path = MovieModel.swift; sourceTree = "<group>"; };
		B05B585A220F8FD1001ABD08 /* MoviesNowPlayingRequest.swift */ = {isa = PBXFileReference; lastKnownFileType = sourcecode.swift; path = MoviesNowPlayingRequest.swift; sourceTree = "<group>"; };
		B05B585C220F9484001ABD08 /* NowPlayingViewController.swift */ = {isa = PBXFileReference; lastKnownFileType = sourcecode.swift; path = NowPlayingViewController.swift; sourceTree = "<group>"; };
		B06E33D32214D99E00E64228 /* MoviesNowPlayingCellCollectionViewCell.swift */ = {isa = PBXFileReference; lastKnownFileType = sourcecode.swift; path = MoviesNowPlayingCellCollectionViewCell.swift; sourceTree = "<group>"; };
		B078F1E4220CE10D005EFD71 /* AccountDetailsRequest.swift */ = {isa = PBXFileReference; lastKnownFileType = sourcecode.swift; path = AccountDetailsRequest.swift; sourceTree = "<group>"; };
		B078F1E6220CEABA005EFD71 /* AccountViewController.swift */ = {isa = PBXFileReference; lastKnownFileType = sourcecode.swift; path = AccountViewController.swift; sourceTree = "<group>"; };
		B078F1E8220CF755005EFD71 /* LogoutRequest.swift */ = {isa = PBXFileReference; lastKnownFileType = sourcecode.swift; path = LogoutRequest.swift; sourceTree = "<group>"; };
		B0883FD82263F30B00253F37 /* SeatCollectionViewController.swift */ = {isa = PBXFileReference; lastKnownFileType = sourcecode.swift; path = SeatCollectionViewController.swift; sourceTree = "<group>"; };
		B0883FDA2263FAA900253F37 /* SeatCell.swift */ = {isa = PBXFileReference; lastKnownFileType = sourcecode.swift; path = SeatCell.swift; sourceTree = "<group>"; };
		B0883FDC2264033F00253F37 /* MovieScreenHeader.swift */ = {isa = PBXFileReference; lastKnownFileType = sourcecode.swift; path = MovieScreenHeader.swift; sourceTree = "<group>"; };
		B0A7523A22529ECF001B611E /* MovieDetailViewController.swift */ = {isa = PBXFileReference; lastKnownFileType = sourcecode.swift; path = MovieDetailViewController.swift; sourceTree = "<group>"; };
		B0A7AF9322288F2A004A47CF /* MovieSingleton.swift */ = {isa = PBXFileReference; lastKnownFileType = sourcecode.swift; path = MovieSingleton.swift; sourceTree = "<group>"; };
		B0BCC810220BB85900EC8DAC /* KeyboardNotifications.swift */ = {isa = PBXFileReference; lastKnownFileType = sourcecode.swift; path = KeyboardNotifications.swift; sourceTree = "<group>"; };
		B0C42C71225AD23F00843B39 /* TMDBResponse.swift */ = {isa = PBXFileReference; lastKnownFileType = sourcecode.swift; path = TMDBResponse.swift; sourceTree = "<group>"; };
		C534EDD7F4AA83EFB2DA2D49 /* Pods-MoviesNow.debug.xcconfig */ = {isa = PBXFileReference; includeInIndex = 1; lastKnownFileType = text.xcconfig; name = "Pods-MoviesNow.debug.xcconfig"; path = "Pods/Target Support Files/Pods-MoviesNow/Pods-MoviesNow.debug.xcconfig"; sourceTree = "<group>"; };
/* End PBXFileReference section */

/* Begin PBXFrameworksBuildPhase section */
		B03F3B6B220A2348008B6D7C /* Frameworks */ = {
			isa = PBXFrameworksBuildPhase;
			buildActionMask = 2147483647;
			files = (
				8AA47D3939FAB918EB77662B /* Pods_MoviesNow.framework in Frameworks */,
			);
			runOnlyForDeploymentPostprocessing = 0;
		};
/* End PBXFrameworksBuildPhase section */

/* Begin PBXGroup section */
		29EE6CC0F905310708A28014 /* Pods */ = {
			isa = PBXGroup;
			children = (
				C534EDD7F4AA83EFB2DA2D49 /* Pods-MoviesNow.debug.xcconfig */,
				233969D7E6EDE48DB4178E75 /* Pods-MoviesNow.release.xcconfig */,
			);
			name = Pods;
			sourceTree = "<group>";
		};
		5D8E96EFA5D8741741488074 /* Frameworks */ = {
			isa = PBXGroup;
			children = (
				0B4068AE642FBBA53A41425B /* Pods_MoviesNow.framework */,
			);
			name = Frameworks;
			sourceTree = "<group>";
		};
		B039B76D220A603C00C91991 /* TMDB Client */ = {
			isa = PBXGroup;
			children = (
				B039B76E220A605600C91991 /* TMBDClient.swift */,
			);
			path = "TMDB Client";
			sourceTree = "<group>";
		};
		B039B770220A63A300C91991 /* TMDB Responses */ = {
			isa = PBXGroup;
			children = (
				B039B771220A63BD00C91991 /* RequestTokenResponse.swift */,
				B039B77A220A7E6B00C91991 /* SessionResponse.swift */,
				B02957BA22260C63001ADB23 /* Movie.swift */,
				B02957BC22260C7F001ADB23 /* MovieResults.swift */,
				B0C42C71225AD23F00843B39 /* TMDBResponse.swift */,
			);
			path = "TMDB Responses";
			sourceTree = "<group>";
		};
		B039B775220A778A00C91991 /* TMDB Requests */ = {
			isa = PBXGroup;
			children = (
				B039B776220A77A000C91991 /* LoginRequest.swift */,
				B039B778220A7E1F00C91991 /* PostSession.swift */,
				B078F1E4220CE10D005EFD71 /* AccountDetailsRequest.swift */,
				B078F1E8220CF755005EFD71 /* LogoutRequest.swift */,
				B05B585A220F8FD1001ABD08 /* MoviesNowPlayingRequest.swift */,
				B04E40942265535300A7AE5D /* MarkWatchlist.swift */,
			);
			path = "TMDB Requests";
			sourceTree = "<group>";
		};
		B03F3B65220A2348008B6D7C = {
			isa = PBXGroup;
			children = (
				B03F3B70220A2348008B6D7C /* MoviesNow */,
				B03F3B6F220A2348008B6D7C /* Products */,
				29EE6CC0F905310708A28014 /* Pods */,
				5D8E96EFA5D8741741488074 /* Frameworks */,
			);
			sourceTree = "<group>";
		};
		B03F3B6F220A2348008B6D7C /* Products */ = {
			isa = PBXGroup;
			children = (
				B03F3B6E220A2348008B6D7C /* MoviesNow.app */,
			);
			name = Products;
			sourceTree = "<group>";
		};
		B03F3B70220A2348008B6D7C /* MoviesNow */ = {
			isa = PBXGroup;
			children = (
				B03F3B7D220A234A008B6D7C /* Info.plist */,
				B03F3B71220A2348008B6D7C /* AppDelegate.swift */,
				B03F3B85220A24F8008B6D7C /* Model */,
				B03F3B84220A24F0008B6D7C /* Controller */,
				B03F3B83220A24E9008B6D7C /* View */,
				B03F3B78220A234A008B6D7C /* Assets.xcassets */,
			);
			path = MoviesNow;
			sourceTree = "<group>";
		};
		B03F3B83220A24E9008B6D7C /* View */ = {
			isa = PBXGroup;
			children = (
				B03F3B75220A2348008B6D7C /* Main.storyboard */,
				B03F3B7A220A234A008B6D7C /* LaunchScreen.storyboard */,
				B039B773220A713300C91991 /* CustomTextField.swift */,
				B0BCC810220BB85900EC8DAC /* KeyboardNotifications.swift */,
				B06E33D32214D99E00E64228 /* MoviesNowPlayingCellCollectionViewCell.swift */,
				B0883FDA2263FAA900253F37 /* SeatCell.swift */,
				B0883FDC2264033F00253F37 /* MovieScreenHeader.swift */,
			);
			path = View;
			sourceTree = "<group>";
		};
		B03F3B84220A24F0008B6D7C /* Controller */ = {
			isa = PBXGroup;
			children = (
				B03F3B73220A2348008B6D7C /* LoginViewController.swift */,
				B078F1E6220CEABA005EFD71 /* AccountViewController.swift */,
				B05B585C220F9484001ABD08 /* NowPlayingViewController.swift */,
				B0461850222612C800CA947C /* SearchViewController.swift */,
				B0A7523A22529ECF001B611E /* MovieDetailViewController.swift */,
				B0883FD82263F30B00253F37 /* SeatCollectionViewController.swift */,
			);
			path = Controller;
			sourceTree = "<group>";
		};
		B03F3B85220A24F8008B6D7C /* Model */ = {
			isa = PBXGroup;
			children = (
				B04E409622655E9300A7AE5D /* Data */,
				B039B76D220A603C00C91991 /* TMDB Client */,
				B039B775220A778A00C91991 /* TMDB Requests */,
				B039B770220A63A300C91991 /* TMDB Responses */,
			);
			path = Model;
			sourceTree = "<group>";
		};
		B04E409622655E9300A7AE5D /* Data */ = {
			isa = PBXGroup;
			children = (
				B0A7AF9322288F2A004A47CF /* MovieSingleton.swift */,
				B04E409722655EA600A7AE5D /* MovieModel.swift */,
			);
			path = Data;
			sourceTree = "<group>";
		};
/* End PBXGroup section */

/* Begin PBXNativeTarget section */
		B03F3B6D220A2348008B6D7C /* MoviesNow */ = {
			isa = PBXNativeTarget;
			buildConfigurationList = B03F3B80220A234A008B6D7C /* Build configuration list for PBXNativeTarget "MoviesNow" */;
			buildPhases = (
				E727CD373B44BE7A623789D1 /* [CP] Check Pods Manifest.lock */,
				B03F3B6A220A2348008B6D7C /* Sources */,
				B03F3B6B220A2348008B6D7C /* Frameworks */,
				B03F3B6C220A2348008B6D7C /* Resources */,
				C510227410BEED76D8FAFF0C /* [CP] Embed Pods Frameworks */,
			);
			buildRules = (
			);
			dependencies = (
			);
			name = MoviesNow;
			productName = MoviesNow;
			productReference = B03F3B6E220A2348008B6D7C /* MoviesNow.app */;
			productType = "com.apple.product-type.application";
		};
/* End PBXNativeTarget section */

/* Begin PBXProject section */
		B03F3B66220A2348008B6D7C /* Project object */ = {
			isa = PBXProject;
			attributes = {
				LastSwiftUpdateCheck = 1010;
				LastUpgradeCheck = 1010;
				ORGANIZATIONNAME = "Gunasai Garapati";
				TargetAttributes = {
					B03F3B6D220A2348008B6D7C = {
						CreatedOnToolsVersion = 10.1;
						LastSwiftMigration = 1020;
					};
				};
			};
			buildConfigurationList = B03F3B69220A2348008B6D7C /* Build configuration list for PBXProject "MoviesNow" */;
			compatibilityVersion = "Xcode 9.3";
			developmentRegion = en;
			hasScannedForEncodings = 0;
			knownRegions = (
				en,
				Base,
			);
			mainGroup = B03F3B65220A2348008B6D7C;
			productRefGroup = B03F3B6F220A2348008B6D7C /* Products */;
			projectDirPath = "";
			projectRoot = "";
			targets = (
				B03F3B6D220A2348008B6D7C /* MoviesNow */,
			);
		};
/* End PBXProject section */

/* Begin PBXResourcesBuildPhase section */
		B03F3B6C220A2348008B6D7C /* Resources */ = {
			isa = PBXResourcesBuildPhase;
			buildActionMask = 2147483647;
			files = (
				B03F3B7C220A234A008B6D7C /* LaunchScreen.storyboard in Resources */,
				B03F3B79220A234A008B6D7C /* Assets.xcassets in Resources */,
				B03F3B77220A2348008B6D7C /* Main.storyboard in Resources */,
			);
			runOnlyForDeploymentPostprocessing = 0;
		};
/* End PBXResourcesBuildPhase section */

/* Begin PBXShellScriptBuildPhase section */
		C510227410BEED76D8FAFF0C /* [CP] Embed Pods Frameworks */ = {
			isa = PBXShellScriptBuildPhase;
			buildActionMask = 2147483647;
			files = (
			);
			inputFileListPaths = (
			);
			inputPaths = (
				"${SRCROOT}/Pods/Target Support Files/Pods-MoviesNow/Pods-MoviesNow-frameworks.sh",
				"${BUILT_PRODUCTS_DIR}/JVFloatLabeledTextField/JVFloatLabeledTextField.framework",
				"${BUILT_PRODUCTS_DIR}/MaterialComponents/MaterialComponents.framework",
			);
			name = "[CP] Embed Pods Frameworks";
			outputFileListPaths = (
			);
			outputPaths = (
				"${TARGET_BUILD_DIR}/${FRAMEWORKS_FOLDER_PATH}/JVFloatLabeledTextField.framework",
				"${TARGET_BUILD_DIR}/${FRAMEWORKS_FOLDER_PATH}/MaterialComponents.framework",
			);
			runOnlyForDeploymentPostprocessing = 0;
			shellPath = /bin/sh;
			shellScript = "\"${SRCROOT}/Pods/Target Support Files/Pods-MoviesNow/Pods-MoviesNow-frameworks.sh\"\n";
			showEnvVarsInLog = 0;
		};
		E727CD373B44BE7A623789D1 /* [CP] Check Pods Manifest.lock */ = {
			isa = PBXShellScriptBuildPhase;
			buildActionMask = 2147483647;
			files = (
			);
			inputFileListPaths = (
			);
			inputPaths = (
				"${PODS_PODFILE_DIR_PATH}/Podfile.lock",
				"${PODS_ROOT}/Manifest.lock",
			);
			name = "[CP] Check Pods Manifest.lock";
			outputFileListPaths = (
			);
			outputPaths = (
				"$(DERIVED_FILE_DIR)/Pods-MoviesNow-checkManifestLockResult.txt",
			);
			runOnlyForDeploymentPostprocessing = 0;
			shellPath = /bin/sh;
			shellScript = "diff \"${PODS_PODFILE_DIR_PATH}/Podfile.lock\" \"${PODS_ROOT}/Manifest.lock\" > /dev/null\nif [ $? != 0 ] ; then\n    # print error to STDERR\n    echo \"error: The sandbox is not in sync with the Podfile.lock. Run 'pod install' or update your CocoaPods installation.\" >&2\n    exit 1\nfi\n# This output is used by Xcode 'outputs' to avoid re-running this script phase.\necho \"SUCCESS\" > \"${SCRIPT_OUTPUT_FILE_0}\"\n";
			showEnvVarsInLog = 0;
		};
/* End PBXShellScriptBuildPhase section */

/* Begin PBXSourcesBuildPhase section */
		B03F3B6A220A2348008B6D7C /* Sources */ = {
			isa = PBXSourcesBuildPhase;
			buildActionMask = 2147483647;
			files = (
				B0BCC811220BB85900EC8DAC /* KeyboardNotifications.swift in Sources */,
				B078F1E9220CF755005EFD71 /* LogoutRequest.swift in Sources */,
				B0883FD92263F30B00253F37 /* SeatCollectionViewController.swift in Sources */,
				B0883FDD2264033F00253F37 /* MovieScreenHeader.swift in Sources */,
				B03F3B74220A2348008B6D7C /* LoginViewController.swift in Sources */,
				B078F1E5220CE10D005EFD71 /* AccountDetailsRequest.swift in Sources */,
				B04E409822655EA600A7AE5D /* MovieModel.swift in Sources */,
				B04E40952265535300A7AE5D /* MarkWatchlist.swift in Sources */,
				B05B585D220F9484001ABD08 /* NowPlayingViewController.swift in Sources */,
				B0883FDB2263FAA900253F37 /* SeatCell.swift in Sources */,
				B03F3B72220A2348008B6D7C /* AppDelegate.swift in Sources */,
				B02957BB22260C63001ADB23 /* Movie.swift in Sources */,
				B039B772220A63BD00C91991 /* RequestTokenResponse.swift in Sources */,
				B039B77B220A7E6B00C91991 /* SessionResponse.swift in Sources */,
				B06E33D42214D99E00E64228 /* MoviesNowPlayingCellCollectionViewCell.swift in Sources */,
				B02957BD22260C7F001ADB23 /* MovieResults.swift in Sources */,
				B039B777220A77A000C91991 /* LoginRequest.swift in Sources */,
				B0461851222612C800CA947C /* SearchViewController.swift in Sources */,
				B05B585B220F8FD1001ABD08 /* MoviesNowPlayingRequest.swift in Sources */,
				B039B76F220A605600C91991 /* TMBDClient.swift in Sources */,
				B039B779220A7E1F00C91991 /* PostSession.swift in Sources */,
				B0C42C72225AD23F00843B39 /* TMDBResponse.swift in Sources */,
				B0A7523B22529ECF001B611E /* MovieDetailViewController.swift in Sources */,
				B0A7AF9422288F2A004A47CF /* MovieSingleton.swift in Sources */,
				B039B774220A713300C91991 /* CustomTextField.swift in Sources */,
				B078F1E7220CEABA005EFD71 /* AccountViewController.swift in Sources */,
			);
			runOnlyForDeploymentPostprocessing = 0;
		};
/* End PBXSourcesBuildPhase section */

/* Begin PBXVariantGroup section */
		B03F3B75220A2348008B6D7C /* Main.storyboard */ = {
			isa = PBXVariantGroup;
			children = (
				B03F3B76220A2348008B6D7C /* Base */,
			);
			name = Main.storyboard;
			sourceTree = "<group>";
		};
		B03F3B7A220A234A008B6D7C /* LaunchScreen.storyboard */ = {
			isa = PBXVariantGroup;
			children = (
				B03F3B7B220A234A008B6D7C /* Base */,
			);
			name = LaunchScreen.storyboard;
			sourceTree = "<group>";
		};
/* End PBXVariantGroup section */

/* Begin XCBuildConfiguration section */
		B03F3B7E220A234A008B6D7C /* Debug */ = {
			isa = XCBuildConfiguration;
			buildSettings = {
				ALWAYS_SEARCH_USER_PATHS = NO;
				CLANG_ANALYZER_NONNULL = YES;
				CLANG_ANALYZER_NUMBER_OBJECT_CONVERSION = YES_AGGRESSIVE;
				CLANG_CXX_LANGUAGE_STANDARD = "gnu++14";
				CLANG_CXX_LIBRARY = "libc++";
				CLANG_ENABLE_MODULES = YES;
				CLANG_ENABLE_OBJC_ARC = YES;
				CLANG_ENABLE_OBJC_WEAK = YES;
				CLANG_WARN_BLOCK_CAPTURE_AUTORELEASING = YES;
				CLANG_WARN_BOOL_CONVERSION = YES;
				CLANG_WARN_COMMA = YES;
				CLANG_WARN_CONSTANT_CONVERSION = YES;
				CLANG_WARN_DEPRECATED_OBJC_IMPLEMENTATIONS = YES;
				CLANG_WARN_DIRECT_OBJC_ISA_USAGE = YES_ERROR;
				CLANG_WARN_DOCUMENTATION_COMMENTS = YES;
				CLANG_WARN_EMPTY_BODY = YES;
				CLANG_WARN_ENUM_CONVERSION = YES;
				CLANG_WARN_INFINITE_RECURSION = YES;
				CLANG_WARN_INT_CONVERSION = YES;
				CLANG_WARN_NON_LITERAL_NULL_CONVERSION = YES;
				CLANG_WARN_OBJC_IMPLICIT_RETAIN_SELF = YES;
				CLANG_WARN_OBJC_LITERAL_CONVERSION = YES;
				CLANG_WARN_OBJC_ROOT_CLASS = YES_ERROR;
				CLANG_WARN_RANGE_LOOP_ANALYSIS = YES;
				CLANG_WARN_STRICT_PROTOTYPES = YES;
				CLANG_WARN_SUSPICIOUS_MOVE = YES;
				CLANG_WARN_UNGUARDED_AVAILABILITY = YES_AGGRESSIVE;
				CLANG_WARN_UNREACHABLE_CODE = YES;
				CLANG_WARN__DUPLICATE_METHOD_MATCH = YES;
				CODE_SIGN_IDENTITY = "iPhone Developer";
				COPY_PHASE_STRIP = NO;
				DEBUG_INFORMATION_FORMAT = dwarf;
				ENABLE_STRICT_OBJC_MSGSEND = YES;
				ENABLE_TESTABILITY = YES;
				GCC_C_LANGUAGE_STANDARD = gnu11;
				GCC_DYNAMIC_NO_PIC = NO;
				GCC_NO_COMMON_BLOCKS = YES;
				GCC_OPTIMIZATION_LEVEL = 0;
				GCC_PREPROCESSOR_DEFINITIONS = (
					"DEBUG=1",
					"$(inherited)",
				);
				GCC_WARN_64_TO_32_BIT_CONVERSION = YES;
				GCC_WARN_ABOUT_RETURN_TYPE = YES_ERROR;
				GCC_WARN_UNDECLARED_SELECTOR = YES;
				GCC_WARN_UNINITIALIZED_AUTOS = YES_AGGRESSIVE;
				GCC_WARN_UNUSED_FUNCTION = YES;
				GCC_WARN_UNUSED_VARIABLE = YES;
				IPHONEOS_DEPLOYMENT_TARGET = 12.1;
				MTL_ENABLE_DEBUG_INFO = INCLUDE_SOURCE;
				MTL_FAST_MATH = YES;
				ONLY_ACTIVE_ARCH = YES;
				SDKROOT = iphoneos;
				SWIFT_ACTIVE_COMPILATION_CONDITIONS = DEBUG;
				SWIFT_OPTIMIZATION_LEVEL = "-Onone";
			};
			name = Debug;
		};
		B03F3B7F220A234A008B6D7C /* Release */ = {
			isa = XCBuildConfiguration;
			buildSettings = {
				ALWAYS_SEARCH_USER_PATHS = NO;
				CLANG_ANALYZER_NONNULL = YES;
				CLANG_ANALYZER_NUMBER_OBJECT_CONVERSION = YES_AGGRESSIVE;
				CLANG_CXX_LANGUAGE_STANDARD = "gnu++14";
				CLANG_CXX_LIBRARY = "libc++";
				CLANG_ENABLE_MODULES = YES;
				CLANG_ENABLE_OBJC_ARC = YES;
				CLANG_ENABLE_OBJC_WEAK = YES;
				CLANG_WARN_BLOCK_CAPTURE_AUTORELEASING = YES;
				CLANG_WARN_BOOL_CONVERSION = YES;
				CLANG_WARN_COMMA = YES;
				CLANG_WARN_CONSTANT_CONVERSION = YES;
				CLANG_WARN_DEPRECATED_OBJC_IMPLEMENTATIONS = YES;
				CLANG_WARN_DIRECT_OBJC_ISA_USAGE = YES_ERROR;
				CLANG_WARN_DOCUMENTATION_COMMENTS = YES;
				CLANG_WARN_EMPTY_BODY = YES;
				CLANG_WARN_ENUM_CONVERSION = YES;
				CLANG_WARN_INFINITE_RECURSION = YES;
				CLANG_WARN_INT_CONVERSION = YES;
				CLANG_WARN_NON_LITERAL_NULL_CONVERSION = YES;
				CLANG_WARN_OBJC_IMPLICIT_RETAIN_SELF = YES;
				CLANG_WARN_OBJC_LITERAL_CONVERSION = YES;
				CLANG_WARN_OBJC_ROOT_CLASS = YES_ERROR;
				CLANG_WARN_RANGE_LOOP_ANALYSIS = YES;
				CLANG_WARN_STRICT_PROTOTYPES = YES;
				CLANG_WARN_SUSPICIOUS_MOVE = YES;
				CLANG_WARN_UNGUARDED_AVAILABILITY = YES_AGGRESSIVE;
				CLANG_WARN_UNREACHABLE_CODE = YES;
				CLANG_WARN__DUPLICATE_METHOD_MATCH = YES;
				CODE_SIGN_IDENTITY = "iPhone Developer";
				COPY_PHASE_STRIP = NO;
				DEBUG_INFORMATION_FORMAT = "dwarf-with-dsym";
				ENABLE_NS_ASSERTIONS = NO;
				ENABLE_STRICT_OBJC_MSGSEND = YES;
				GCC_C_LANGUAGE_STANDARD = gnu11;
				GCC_NO_COMMON_BLOCKS = YES;
				GCC_WARN_64_TO_32_BIT_CONVERSION = YES;
				GCC_WARN_ABOUT_RETURN_TYPE = YES_ERROR;
				GCC_WARN_UNDECLARED_SELECTOR = YES;
				GCC_WARN_UNINITIALIZED_AUTOS = YES_AGGRESSIVE;
				GCC_WARN_UNUSED_FUNCTION = YES;
				GCC_WARN_UNUSED_VARIABLE = YES;
				IPHONEOS_DEPLOYMENT_TARGET = 12.1;
				MTL_ENABLE_DEBUG_INFO = NO;
				MTL_FAST_MATH = YES;
				SDKROOT = iphoneos;
				SWIFT_COMPILATION_MODE = wholemodule;
				SWIFT_OPTIMIZATION_LEVEL = "-O";
				VALIDATE_PRODUCT = YES;
			};
			name = Release;
		};
		B03F3B81220A234A008B6D7C /* Debug */ = {
			isa = XCBuildConfiguration;
			baseConfigurationReference = C534EDD7F4AA83EFB2DA2D49 /* Pods-MoviesNow.debug.xcconfig */;
			buildSettings = {
				ASSETCATALOG_COMPILER_APPICON_NAME = AppIcon;
				CODE_SIGN_STYLE = Automatic;
				DEVELOPMENT_TEAM = 8Q3XCC5342;
				INFOPLIST_FILE = MoviesNow/Info.plist;
				LD_RUNPATH_SEARCH_PATHS = (
					"$(inherited)",
					"@executable_path/Frameworks",
				);
				PRODUCT_BUNDLE_IDENTIFIER = com.guna.MoviesNow;
				PRODUCT_NAME = "$(TARGET_NAME)";
				SWIFT_VERSION = 5.0;
				TARGETED_DEVICE_FAMILY = "1,2";
			};
			name = Debug;
		};
		B03F3B82220A234A008B6D7C /* Release */ = {
			isa = XCBuildConfiguration;
			baseConfigurationReference = 233969D7E6EDE48DB4178E75 /* Pods-MoviesNow.release.xcconfig */;
			buildSettings = {
				ASSETCATALOG_COMPILER_APPICON_NAME = AppIcon;
				CODE_SIGN_STYLE = Automatic;
				DEVELOPMENT_TEAM = 8Q3XCC5342;
				INFOPLIST_FILE = MoviesNow/Info.plist;
				LD_RUNPATH_SEARCH_PATHS = (
					"$(inherited)",
					"@executable_path/Frameworks",
				);
				PRODUCT_BUNDLE_IDENTIFIER = com.guna.MoviesNow;
				PRODUCT_NAME = "$(TARGET_NAME)";
				SWIFT_VERSION = 5.0;
				TARGETED_DEVICE_FAMILY = "1,2";
			};
			name = Release;
		};
/* End XCBuildConfiguration section */

/* Begin XCConfigurationList section */
		B03F3B69220A2348008B6D7C /* Build configuration list for PBXProject "MoviesNow" */ = {
			isa = XCConfigurationList;
			buildConfigurations = (
				B03F3B7E220A234A008B6D7C /* Debug */,
				B03F3B7F220A234A008B6D7C /* Release */,
			);
			defaultConfigurationIsVisible = 0;
			defaultConfigurationName = Release;
		};
		B03F3B80220A234A008B6D7C /* Build configuration list for PBXNativeTarget "MoviesNow" */ = {
			isa = XCConfigurationList;
			buildConfigurations = (
				B03F3B81220A234A008B6D7C /* Debug */,
				B03F3B82220A234A008B6D7C /* Release */,
			);
			defaultConfigurationIsVisible = 0;
			defaultConfigurationName = Release;
		};
/* End XCConfigurationList section */
	};
	rootObject = B03F3B66220A2348008B6D7C /* Project object */;
}
